
Microsoft Visual Studio Solution File, Format Version 12.00
# Visual Studio Version 17
VisualStudioVersion = 17.7.34031.279
MinimumVisualStudioVersion = 10.0.40219.1
Project("{FAE04EC0-301F-11D3-BF4B-00C04F79EFBC}") = "GuessNumber", "GuessNumber\GuessNumber.csproj", "{D6E54B69-A689-472C-9455-05F38507076F}"
EndProject
Global
	GlobalSection(SolutionConfigurationPlatforms) = preSolution
		Debug|Any CPU = Debug|Any CPU
		Release|Any CPU = Release|Any CPU
	EndGlobalSection
	GlobalSection(ProjectConfigurationPlatforms) = postSolution
		{D6E54B69-A689-472C-9455-05F38507076F}.Debug|Any CPU.ActiveCfg = Debug|Any CPU
		{D6E54B69-A689-472C-9455-05F38507076F}.Debug|Any CPU.Build.0 = Debug|Any CPU
		{D6E54B69-A689-472C-9455-05F38507076F}.Release|Any CPU.ActiveCfg = Release|Any CPU
		{D6E54B69-A689-472C-9455-05F38507076F}.Release|Any CPU.Build.0 = Release|Any CPU
	EndGlobalSection
	GlobalSection(SolutionProperties) = preSolution
		HideSolutionNode = FALSE
	EndGlobalSection
	GlobalSection(ExtensibilityGlobals) = postSolution
		SolutionGuid = {49AA9029-A9F5-422D-A074-A66DE829739E}
	EndGlobalSection
EndGlobal
